
Microsoft Visual Studio Solution File, Format Version 12.00
# Visual Studio Version 17
VisualStudioVersion = 17.13.35723.152
MinimumVisualStudioVersion = 10.0.40219.1
Project("{FAE04EC0-301F-11D3-BF4B-00C04F79EFBC}") = "viamatica", "viamatica.csproj", "{9D9E68B3-9BCF-4947-BB6D-BD44EFC6B970}"
	ProjectSection(ProjectDependencies) = postProject
		{704D565D-262E-4F92-BD66-28E570B7A769} = {704D565D-262E-4F92-BD66-28E570B7A769}
	EndProjectSection
EndProject
Project("{FAE04EC0-301F-11D3-BF4B-00C04F79EFBC}") = "BE_Models", "..\BE_Models\BE_Models.csproj", "{704D565D-262E-4F92-BD66-28E570B7A769}"
EndProject
Project("{FAE04EC0-301F-11D3-BF4B-00C04F79EFBC}") = "DAC", "..\DAC\DAC.csproj", "{FB29E11D-00B0-47FE-8FE0-FCA035CB9F9D}"
EndProject
Project("{FAE04EC0-301F-11D3-BF4B-00C04F79EFBC}") = "BL", "..\BL\BL.csproj", "{87AFF5D4-3BE8-4E9B-A29D-0829234583EF}"
EndProject
Project("{FAE04EC0-301F-11D3-BF4B-00C04F79EFBC}") = "Shared", "..\Shared\Shared.csproj", "{D93E8D7B-253B-48DC-BAE3-0CD3F93AB640}"
EndProject
Global
	GlobalSection(SolutionConfigurationPlatforms) = preSolution
		Debug|Any CPU = Debug|Any CPU
		Release|Any CPU = Release|Any CPU
	EndGlobalSection
	GlobalSection(ProjectConfigurationPlatforms) = postSolution
		{9D9E68B3-9BCF-4947-BB6D-BD44EFC6B970}.Debug|Any CPU.ActiveCfg = Debug|Any CPU
		{9D9E68B3-9BCF-4947-BB6D-BD44EFC6B970}.Debug|Any CPU.Build.0 = Debug|Any CPU
		{9D9E68B3-9BCF-4947-BB6D-BD44EFC6B970}.Release|Any CPU.ActiveCfg = Release|Any CPU
		{9D9E68B3-9BCF-4947-BB6D-BD44EFC6B970}.Release|Any CPU.Build.0 = Release|Any CPU
		{704D565D-262E-4F92-BD66-28E570B7A769}.Debug|Any CPU.ActiveCfg = Debug|Any CPU
		{704D565D-262E-4F92-BD66-28E570B7A769}.Debug|Any CPU.Build.0 = Debug|Any CPU
		{704D565D-262E-4F92-BD66-28E570B7A769}.Release|Any CPU.ActiveCfg = Release|Any CPU
		{704D565D-262E-4F92-BD66-28E570B7A769}.Release|Any CPU.Build.0 = Release|Any CPU
		{FB29E11D-00B0-47FE-8FE0-FCA035CB9F9D}.Debug|Any CPU.ActiveCfg = Debug|Any CPU
		{FB29E11D-00B0-47FE-8FE0-FCA035CB9F9D}.Debug|Any CPU.Build.0 = Debug|Any CPU
		{FB29E11D-00B0-47FE-8FE0-FCA035CB9F9D}.Release|Any CPU.ActiveCfg = Release|Any CPU
		{FB29E11D-00B0-47FE-8FE0-FCA035CB9F9D}.Release|Any CPU.Build.0 = Release|Any CPU
		{87AFF5D4-3BE8-4E9B-A29D-0829234583EF}.Debug|Any CPU.ActiveCfg = Debug|Any CPU
		{87AFF5D4-3BE8-4E9B-A29D-0829234583EF}.Debug|Any CPU.Build.0 = Debug|Any CPU
		{87AFF5D4-3BE8-4E9B-A29D-0829234583EF}.Release|Any CPU.ActiveCfg = Release|Any CPU
		{87AFF5D4-3BE8-4E9B-A29D-0829234583EF}.Release|Any CPU.Build.0 = Release|Any CPU
		{D93E8D7B-253B-48DC-BAE3-0CD3F93AB640}.Debug|Any CPU.ActiveCfg = Debug|Any CPU
		{D93E8D7B-253B-48DC-BAE3-0CD3F93AB640}.Debug|Any CPU.Build.0 = Debug|Any CPU
		{D93E8D7B-253B-48DC-BAE3-0CD3F93AB640}.Release|Any CPU.ActiveCfg = Release|Any CPU
		{D93E8D7B-253B-48DC-BAE3-0CD3F93AB640}.Release|Any CPU.Build.0 = Release|Any CPU
	EndGlobalSection
	GlobalSection(SolutionProperties) = preSolution
		HideSolutionNode = FALSE
	EndGlobalSection
	GlobalSection(ExtensibilityGlobals) = postSolution
		SolutionGuid = {E134EC47-737C-402C-AA0F-A4E7F769AD45}
	EndGlobalSection
EndGlobal
